
Microsoft Visual Studio Solution File, Format Version 12.00
# Visual Studio Version 16
VisualStudioVersion = 16.0.31129.286
MinimumVisualStudioVersion = 10.0.40219.1
Project("{9A19103F-16F7-4668-BE54-9A1E7A4F7556}") = "KampIntro", "KampIntro\KampIntro.csproj", "{0180AA49-FBE6-40AE-9C6A-F4ECB5605D86}"
EndProject
Project("{9A19103F-16F7-4668-BE54-9A1E7A4F7556}") = "Donguler", "Donguler\Donguler.csproj", "{2573A28A-93F1-4ABB-BED5-CA0CBBC76C9E}"
EndProject
Project("{9A19103F-16F7-4668-BE54-9A1E7A4F7556}") = "ClassIntro", "ClassIntro\ClassIntro.csproj", "{11A86061-44F4-45E9-904D-607D81E54C63}"
EndProject
Project("{9A19103F-16F7-4668-BE54-9A1E7A4F7556}") = "Ders2Odev", "Ders2Odev\Ders2Odev.csproj", "{E877D639-F54B-49A1-A607-A36CC079E21A}"
EndProject
Project("{9A19103F-16F7-4668-BE54-9A1E7A4F7556}") = "Methods", "Methods\Methods.csproj", "{4AB4D96D-2131-465C-9A33-61A8A50CF774}"
EndProject
Project("{9A19103F-16F7-4668-BE54-9A1E7A4F7556}") = "ClassMetotDemo", "ClassMetotDemo\ClassMetotDemo.csproj", "{31127E36-2C27-4093-BC32-2DE350E4B32D}"
EndProject
Project("{9A19103F-16F7-4668-BE54-9A1E7A4F7556}") = "OOP1", "OOP1\OOP1.csproj", "{7C75D52B-DBA4-4E93-902B-CE5E9D87899D}"
EndProject
Project("{9A19103F-16F7-4668-BE54-9A1E7A4F7556}") = "Collections", "Collections\Collections.csproj", "{C0592CA6-B663-4B21-B13E-B0071352B608}"
EndProject
Project("{9A19103F-16F7-4668-BE54-9A1E7A4F7556}") = "GenericsIntro", "GenericsIntro\GenericsIntro.csproj", "{18F284DB-366B-45AF-B0EA-201222CC1542}"
EndProject
Project("{9A19103F-16F7-4668-BE54-9A1E7A4F7556}") = "OOP2", "OOP2\OOP2.csproj", "{E4127057-29A2-467B-9EE4-F54CF9D7D325}"
EndProject
Project("{9A19103F-16F7-4668-BE54-9A1E7A4F7556}") = "OOP3", "OOP3\OOP3.csproj", "{71911BC4-DA08-4249-B10E-CCFB48440618}"
EndProject
Project("{FAE04EC0-301F-11D3-BF4B-00C04F79EFBC}") = "GameProject", "GameProject\GameProject.csproj", "{84D7B923-D89E-46F1-A777-0DE70F50826A}"
EndProject
Global
	GlobalSection(SolutionConfigurationPlatforms) = preSolution
		Debug|Any CPU = Debug|Any CPU
		Release|Any CPU = Release|Any CPU
	EndGlobalSection
	GlobalSection(ProjectConfigurationPlatforms) = postSolution
		{0180AA49-FBE6-40AE-9C6A-F4ECB5605D86}.Debug|Any CPU.ActiveCfg = Debug|Any CPU
		{0180AA49-FBE6-40AE-9C6A-F4ECB5605D86}.Debug|Any CPU.Build.0 = Debug|Any CPU
		{0180AA49-FBE6-40AE-9C6A-F4ECB5605D86}.Release|Any CPU.ActiveCfg = Release|Any CPU
		{0180AA49-FBE6-40AE-9C6A-F4ECB5605D86}.Release|Any CPU.Build.0 = Release|Any CPU
		{2573A28A-93F1-4ABB-BED5-CA0CBBC76C9E}.Debug|Any CPU.ActiveCfg = Debug|Any CPU
		{2573A28A-93F1-4ABB-BED5-CA0CBBC76C9E}.Debug|Any CPU.Build.0 = Debug|Any CPU
		{2573A28A-93F1-4ABB-BED5-CA0CBBC76C9E}.Release|Any CPU.ActiveCfg = Release|Any CPU
		{2573A28A-93F1-4ABB-BED5-CA0CBBC76C9E}.Release|Any CPU.Build.0 = Release|Any CPU
		{11A86061-44F4-45E9-904D-607D81E54C63}.Debug|Any CPU.ActiveCfg = Debug|Any CPU
		{11A86061-44F4-45E9-904D-607D81E54C63}.Debug|Any CPU.Build.0 = Debug|Any CPU
		{11A86061-44F4-45E9-904D-607D81E54C63}.Release|Any CPU.ActiveCfg = Release|Any CPU
		{11A86061-44F4-45E9-904D-607D81E54C63}.Release|Any CPU.Build.0 = Release|Any CPU
		{E877D639-F54B-49A1-A607-A36CC079E21A}.Debug|Any CPU.ActiveCfg = Debug|Any CPU
		{E877D639-F54B-49A1-A607-A36CC079E21A}.Debug|Any CPU.Build.0 = Debug|Any CPU
		{E877D639-F54B-49A1-A607-A36CC079E21A}.Release|Any CPU.ActiveCfg = Release|Any CPU
		{E877D639-F54B-49A1-A607-A36CC079E21A}.Release|Any CPU.Build.0 = Release|Any CPU
		{4AB4D96D-2131-465C-9A33-61A8A50CF774}.Debug|Any CPU.ActiveCfg = Debug|Any CPU
		{4AB4D96D-2131-465C-9A33-61A8A50CF774}.Debug|Any CPU.Build.0 = Debug|Any CPU
		{4AB4D96D-2131-465C-9A33-61A8A50CF774}.Release|Any CPU.ActiveCfg = Release|Any CPU
		{4AB4D96D-2131-465C-9A33-61A8A50CF774}.Release|Any CPU.Build.0 = Release|Any CPU
		{31127E36-2C27-4093-BC32-2DE350E4B32D}.Debug|Any CPU.ActiveCfg = Debug|Any CPU
		{31127E36-2C27-4093-BC32-2DE350E4B32D}.Debug|Any CPU.Build.0 = Debug|Any CPU
		{31127E36-2C27-4093-BC32-2DE350E4B32D}.Release|Any CPU.ActiveCfg = Release|Any CPU
		{31127E36-2C27-4093-BC32-2DE350E4B32D}.Release|Any CPU.Build.0 = Release|Any CPU
		{7C75D52B-DBA4-4E93-902B-CE5E9D87899D}.Debug|Any CPU.ActiveCfg = Debug|Any CPU
		{7C75D52B-DBA4-4E93-902B-CE5E9D87899D}.Debug|Any CPU.Build.0 = Debug|Any CPU
		{7C75D52B-DBA4-4E93-902B-CE5E9D87899D}.Release|Any CPU.ActiveCfg = Release|Any CPU
		{7C75D52B-DBA4-4E93-902B-CE5E9D87899D}.Release|Any CPU.Build.0 = Release|Any CPU
		{C0592CA6-B663-4B21-B13E-B0071352B608}.Debug|Any CPU.ActiveCfg = Debug|Any CPU
		{C0592CA6-B663-4B21-B13E-B0071352B608}.Debug|Any CPU.Build.0 = Debug|Any CPU
		{C0592CA6-B663-4B21-B13E-B0071352B608}.Release|Any CPU.ActiveCfg = Release|Any CPU
		{C0592CA6-B663-4B21-B13E-B0071352B608}.Release|Any CPU.Build.0 = Release|Any CPU
		{18F284DB-366B-45AF-B0EA-201222CC1542}.Debug|Any CPU.ActiveCfg = Debug|Any CPU
		{18F284DB-366B-45AF-B0EA-201222CC1542}.Debug|Any CPU.Build.0 = Debug|Any CPU
		{18F284DB-366B-45AF-B0EA-201222CC1542}.Release|Any CPU.ActiveCfg = Release|Any CPU
		{18F284DB-366B-45AF-B0EA-201222CC1542}.Release|Any CPU.Build.0 = Release|Any CPU
		{E4127057-29A2-467B-9EE4-F54CF9D7D325}.Debug|Any CPU.ActiveCfg = Debug|Any CPU
		{E4127057-29A2-467B-9EE4-F54CF9D7D325}.Debug|Any CPU.Build.0 = Debug|Any CPU
		{E4127057-29A2-467B-9EE4-F54CF9D7D325}.Release|Any CPU.ActiveCfg = Release|Any CPU
		{E4127057-29A2-467B-9EE4-F54CF9D7D325}.Release|Any CPU.Build.0 = Release|Any CPU
		{71911BC4-DA08-4249-B10E-CCFB48440618}.Debug|Any CPU.ActiveCfg = Debug|Any CPU
		{71911BC4-DA08-4249-B10E-CCFB48440618}.Debug|Any CPU.Build.0 = Debug|Any CPU
		{71911BC4-DA08-4249-B10E-CCFB48440618}.Release|Any CPU.ActiveCfg = Release|Any CPU
		{71911BC4-DA08-4249-B10E-CCFB48440618}.Release|Any CPU.Build.0 = Release|Any CPU
		{84D7B923-D89E-46F1-A777-0DE70F50826A}.Debug|Any CPU.ActiveCfg = Debug|Any CPU
		{84D7B923-D89E-46F1-A777-0DE70F50826A}.Debug|Any CPU.Build.0 = Debug|Any CPU
		{84D7B923-D89E-46F1-A777-0DE70F50826A}.Release|Any CPU.ActiveCfg = Release|Any CPU
		{84D7B923-D89E-46F1-A777-0DE70F50826A}.Release|Any CPU.Build.0 = Release|Any CPU
	EndGlobalSection
	GlobalSection(SolutionProperties) = preSolution
		HideSolutionNode = FALSE
	EndGlobalSection
	GlobalSection(ExtensibilityGlobals) = postSolution
		SolutionGuid = {D27DDAAF-B203-41B6-B7CD-192221ADD51B}
	EndGlobalSection
EndGlobal
